// !$*UTF8*$!
{
	archiveVersion = 1;
	classes = {
	};
	objectVersion = 56;
	objects = {

/* Begin PBXBuildFile section */
		933571482A705EAC0015DF16 /* IndexView.swift in Sources */ = {isa = PBXBuildFile; fileRef = 933571472A705EAC0015DF16 /* IndexView.swift */; };
		9335714B2A705EE70015DF16 /* AlertToast in Frameworks */ = {isa = PBXBuildFile; productRef = 9335714A2A705EE70015DF16 /* AlertToast */; };
		9335714D2A705EFB0015DF16 /* Style.swift in Sources */ = {isa = PBXBuildFile; fileRef = 9335714C2A705EFB0015DF16 /* Style.swift */; };
		9335714F2A705F130015DF16 /* FileUtil.swift in Sources */ = {isa = PBXBuildFile; fileRef = 9335714E2A705F130015DF16 /* FileUtil.swift */; };
		933571512A705F8B0015DF16 /* NotificationUtil.swift in Sources */ = {isa = PBXBuildFile; fileRef = 933571502A705F8A0015DF16 /* NotificationUtil.swift */; };
		933571552A7060190015DF16 /* ConfigView.swift in Sources */ = {isa = PBXBuildFile; fileRef = 933571542A7060190015DF16 /* ConfigView.swift */; };
		933571572A7060480015DF16 /* ViewUtil.swift in Sources */ = {isa = PBXBuildFile; fileRef = 933571562A7060480015DF16 /* ViewUtil.swift */; };
		9335715D2A7060A40015DF16 /* CheckToggleStyle.swift in Sources */ = {isa = PBXBuildFile; fileRef = 9335715C2A7060A40015DF16 /* CheckToggleStyle.swift */; };
		9351E31C2ABC905B00FB0295 /* IndexViewModel.swift in Sources */ = {isa = PBXBuildFile; fileRef = 9351E31B2ABC905B00FB0295 /* IndexViewModel.swift */; };
		9352E3BE2A713DCD00F02DB1 /* Constants.swift in Sources */ = {isa = PBXBuildFile; fileRef = 9352E3BD2A713DCD00F02DB1 /* Constants.swift */; };
		9352E3C02A71479D00F02DB1 /* ViewModel.swift in Sources */ = {isa = PBXBuildFile; fileRef = 9352E3BF2A71479D00F02DB1 /* ViewModel.swift */; };
		93560F722AC5D07600E9DBF8 /* ParserTest.swift in Sources */ = {isa = PBXBuildFile; fileRef = 93560F712AC5D07600E9DBF8 /* ParserTest.swift */; };
		9356E4BB2ABDEEC400626F14 /* FileItem.swift in Sources */ = {isa = PBXBuildFile; fileRef = 9356E4BA2ABDEEC400626F14 /* FileItem.swift */; };
		935AE7422AC03D27004F7FEE /* ConfigViewModel.swift in Sources */ = {isa = PBXBuildFile; fileRef = 935AE7412AC03D27004F7FEE /* ConfigViewModel.swift */; };
		9360F8F72A6540200065879B /* DynamicPlanerApp.swift in Sources */ = {isa = PBXBuildFile; fileRef = 9360F8F62A6540200065879B /* DynamicPlanerApp.swift */; };
		9360F8F92A6540200065879B /* PlannerView.swift in Sources */ = {isa = PBXBuildFile; fileRef = 9360F8F82A6540200065879B /* PlannerView.swift */; };
		9360F8FB2A6540210065879B /* Assets.xcassets in Resources */ = {isa = PBXBuildFile; fileRef = 9360F8FA2A6540210065879B /* Assets.xcassets */; };
		9360F8FE2A6540210065879B /* Preview Assets.xcassets in Resources */ = {isa = PBXBuildFile; fileRef = 9360F8FD2A6540210065879B /* Preview Assets.xcassets */; };
		9360F9082A6540210065879B /* DynamicPlanerTests.swift in Sources */ = {isa = PBXBuildFile; fileRef = 9360F9072A6540210065879B /* DynamicPlanerTests.swift */; };
		9360F9122A6540210065879B /* DynamicPlanerUITests.swift in Sources */ = {isa = PBXBuildFile; fileRef = 9360F9112A6540210065879B /* DynamicPlanerUITests.swift */; };
		9360F9142A6540210065879B /* DynamicPlanerUITestsLaunchTests.swift in Sources */ = {isa = PBXBuildFile; fileRef = 9360F9132A6540210065879B /* DynamicPlanerUITestsLaunchTests.swift */; };
		937C57A32A70217100C9EB17 /* Models.swift in Sources */ = {isa = PBXBuildFile; fileRef = 937C57A22A70217100C9EB17 /* Models.swift */; };
		937C57A52A70219300C9EB17 /* Views.swift in Sources */ = {isa = PBXBuildFile; fileRef = 937C57A42A70219300C9EB17 /* Views.swift */; };
		9394CCAB2AB7670700006931 /* MetadataItem.swift in Sources */ = {isa = PBXBuildFile; fileRef = 9394CCAA2AB7670700006931 /* MetadataItem.swift */; };
		93BE7D2C2A9767E000366B87 /* MetadataProvider.swift in Sources */ = {isa = PBXBuildFile; fileRef = 93BE7D2B2A9767E000366B87 /* MetadataProvider.swift */; };
		93D314A22A739ED5005CA042 /* DateUtil.swift in Sources */ = {isa = PBXBuildFile; fileRef = 93D314A12A739ED5005CA042 /* DateUtil.swift */; };
/* End PBXBuildFile section */

/* Begin PBXContainerItemProxy section */
		9360F9042A6540210065879B /* PBXContainerItemProxy */ = {
			isa = PBXContainerItemProxy;
			containerPortal = 9360F8EB2A6540200065879B /* Project object */;
			proxyType = 1;
			remoteGlobalIDString = 9360F8F22A6540200065879B;
			remoteInfo = DynamicPlaner;
		};
		9360F90E2A6540210065879B /* PBXContainerItemProxy */ = {
			isa = PBXContainerItemProxy;
			containerPortal = 9360F8EB2A6540200065879B /* Project object */;
			proxyType = 1;
			remoteGlobalIDString = 9360F8F22A6540200065879B;
			remoteInfo = DynamicPlaner;
		};
/* End PBXContainerItemProxy section */

/* Begin PBXFileReference section */
		933571472A705EAC0015DF16 /* IndexView.swift */ = {isa = PBXFileReference; lastKnownFileType = sourcecode.swift; path = IndexView.swift; sourceTree = "<group>"; };
		9335714C2A705EFB0015DF16 /* Style.swift */ = {isa = PBXFileReference; lastKnownFileType = sourcecode.swift; path = Style.swift; sourceTree = "<group>"; };
		9335714E2A705F130015DF16 /* FileUtil.swift */ = {isa = PBXFileReference; lastKnownFileType = sourcecode.swift; path = FileUtil.swift; sourceTree = "<group>"; };
		933571502A705F8A0015DF16 /* NotificationUtil.swift */ = {isa = PBXFileReference; lastKnownFileType = sourcecode.swift; path = NotificationUtil.swift; sourceTree = "<group>"; };
		933571542A7060190015DF16 /* ConfigView.swift */ = {isa = PBXFileReference; lastKnownFileType = sourcecode.swift; path = ConfigView.swift; sourceTree = "<group>"; };
		933571562A7060480015DF16 /* ViewUtil.swift */ = {isa = PBXFileReference; lastKnownFileType = sourcecode.swift; path = ViewUtil.swift; sourceTree = "<group>"; };
		9335715C2A7060A40015DF16 /* CheckToggleStyle.swift */ = {isa = PBXFileReference; lastKnownFileType = sourcecode.swift; path = CheckToggleStyle.swift; sourceTree = "<group>"; };
		9351E31B2ABC905B00FB0295 /* IndexViewModel.swift */ = {isa = PBXFileReference; lastKnownFileType = sourcecode.swift; path = IndexViewModel.swift; sourceTree = "<group>"; };
		9352E3BD2A713DCD00F02DB1 /* Constants.swift */ = {isa = PBXFileReference; lastKnownFileType = sourcecode.swift; path = Constants.swift; sourceTree = "<group>"; };
		9352E3BF2A71479D00F02DB1 /* ViewModel.swift */ = {isa = PBXFileReference; lastKnownFileType = sourcecode.swift; path = ViewModel.swift; sourceTree = "<group>"; };
		93560F712AC5D07600E9DBF8 /* ParserTest.swift */ = {isa = PBXFileReference; lastKnownFileType = sourcecode.swift; path = ParserTest.swift; sourceTree = "<group>"; };
		9356E4BA2ABDEEC400626F14 /* FileItem.swift */ = {isa = PBXFileReference; lastKnownFileType = sourcecode.swift; path = FileItem.swift; sourceTree = "<group>"; };
		935AE7412AC03D27004F7FEE /* ConfigViewModel.swift */ = {isa = PBXFileReference; lastKnownFileType = sourcecode.swift; path = ConfigViewModel.swift; sourceTree = "<group>"; };
		9360F8F32A6540200065879B /* Markdown Planner.app */ = {isa = PBXFileReference; explicitFileType = wrapper.application; includeInIndex = 0; path = "Markdown Planner.app"; sourceTree = BUILT_PRODUCTS_DIR; };
		9360F8F62A6540200065879B /* DynamicPlanerApp.swift */ = {isa = PBXFileReference; lastKnownFileType = sourcecode.swift; path = DynamicPlanerApp.swift; sourceTree = "<group>"; };
		9360F8F82A6540200065879B /* PlannerView.swift */ = {isa = PBXFileReference; lastKnownFileType = sourcecode.swift; path = PlannerView.swift; sourceTree = "<group>"; };
		9360F8FA2A6540210065879B /* Assets.xcassets */ = {isa = PBXFileReference; lastKnownFileType = folder.assetcatalog; path = Assets.xcassets; sourceTree = "<group>"; };
		9360F8FD2A6540210065879B /* Preview Assets.xcassets */ = {isa = PBXFileReference; lastKnownFileType = folder.assetcatalog; path = "Preview Assets.xcassets"; sourceTree = "<group>"; };
		9360F9032A6540210065879B /* DynamicPlanerTests.xctest */ = {isa = PBXFileReference; explicitFileType = wrapper.cfbundle; includeInIndex = 0; path = DynamicPlanerTests.xctest; sourceTree = BUILT_PRODUCTS_DIR; };
		9360F9072A6540210065879B /* DynamicPlanerTests.swift */ = {isa = PBXFileReference; lastKnownFileType = sourcecode.swift; path = DynamicPlanerTests.swift; sourceTree = "<group>"; };
		9360F90D2A6540210065879B /* DynamicPlanerUITests.xctest */ = {isa = PBXFileReference; explicitFileType = wrapper.cfbundle; includeInIndex = 0; path = DynamicPlanerUITests.xctest; sourceTree = BUILT_PRODUCTS_DIR; };
		9360F9112A6540210065879B /* DynamicPlanerUITests.swift */ = {isa = PBXFileReference; lastKnownFileType = sourcecode.swift; path = DynamicPlanerUITests.swift; sourceTree = "<group>"; };
		9360F9132A6540210065879B /* DynamicPlanerUITestsLaunchTests.swift */ = {isa = PBXFileReference; lastKnownFileType = sourcecode.swift; path = DynamicPlanerUITestsLaunchTests.swift; sourceTree = "<group>"; };
		937C57A22A70217100C9EB17 /* Models.swift */ = {isa = PBXFileReference; lastKnownFileType = sourcecode.swift; path = Models.swift; sourceTree = "<group>"; };
		937C57A42A70219300C9EB17 /* Views.swift */ = {isa = PBXFileReference; lastKnownFileType = sourcecode.swift; path = Views.swift; sourceTree = "<group>"; };
		9394CCAA2AB7670700006931 /* MetadataItem.swift */ = {isa = PBXFileReference; lastKnownFileType = sourcecode.swift; path = MetadataItem.swift; sourceTree = "<group>"; };
		93BE7D2B2A9767E000366B87 /* MetadataProvider.swift */ = {isa = PBXFileReference; lastKnownFileType = sourcecode.swift; path = MetadataProvider.swift; sourceTree = "<group>"; };
		93D314A12A739ED5005CA042 /* DateUtil.swift */ = {isa = PBXFileReference; lastKnownFileType = sourcecode.swift; path = DateUtil.swift; sourceTree = "<group>"; };
		93D314A52A73FDF2005CA042 /* DynamicPlaner.entitlements */ = {isa = PBXFileReference; lastKnownFileType = text.plist.entitlements; path = DynamicPlaner.entitlements; sourceTree = "<group>"; };
		93D314A62A73FF16005CA042 /* Info.plist */ = {isa = PBXFileReference; lastKnownFileType = text.plist; path = Info.plist; sourceTree = "<group>"; };
/* End PBXFileReference section */

/* Begin PBXFrameworksBuildPhase section */
		9360F8F02A6540200065879B /* Frameworks */ = {
			isa = PBXFrameworksBuildPhase;
			buildActionMask = 2147483647;
			files = (
				9335714B2A705EE70015DF16 /* AlertToast in Frameworks */,
			);
			runOnlyForDeploymentPostprocessing = 0;
		};
		9360F9002A6540210065879B /* Frameworks */ = {
			isa = PBXFrameworksBuildPhase;
			buildActionMask = 2147483647;
			files = (
			);
			runOnlyForDeploymentPostprocessing = 0;
		};
		9360F90A2A6540210065879B /* Frameworks */ = {
			isa = PBXFrameworksBuildPhase;
			buildActionMask = 2147483647;
			files = (
			);
			runOnlyForDeploymentPostprocessing = 0;
		};
/* End PBXFrameworksBuildPhase section */

/* Begin PBXGroup section */
		9360F8EA2A6540200065879B = {
			isa = PBXGroup;
			children = (
				9360F8F52A6540200065879B /* DynamicPlaner */,
				9360F9062A6540210065879B /* DynamicPlanerTests */,
				9360F9102A6540210065879B /* DynamicPlanerUITests */,
				9360F8F42A6540200065879B /* Products */,
			);
			sourceTree = "<group>";
		};
		9360F8F42A6540200065879B /* Products */ = {
			isa = PBXGroup;
			children = (
				9360F8F32A6540200065879B /* Markdown Planner.app */,
				9360F9032A6540210065879B /* DynamicPlanerTests.xctest */,
				9360F90D2A6540210065879B /* DynamicPlanerUITests.xctest */,
			);
			name = Products;
			sourceTree = "<group>";
		};
		9360F8F52A6540200065879B /* DynamicPlaner */ = {
			isa = PBXGroup;
			children = (
				93D314A62A73FF16005CA042 /* Info.plist */,
				93D314A52A73FDF2005CA042 /* DynamicPlaner.entitlements */,
				933571562A7060480015DF16 /* ViewUtil.swift */,
				933571542A7060190015DF16 /* ConfigView.swift */,
				935AE7412AC03D27004F7FEE /* ConfigViewModel.swift */,
				9352E3BD2A713DCD00F02DB1 /* Constants.swift */,
				9335715C2A7060A40015DF16 /* CheckToggleStyle.swift */,
				933571502A705F8A0015DF16 /* NotificationUtil.swift */,
				9335714C2A705EFB0015DF16 /* Style.swift */,
				9335714E2A705F130015DF16 /* FileUtil.swift */,
				9360F8F62A6540200065879B /* DynamicPlanerApp.swift */,
				9360F8F82A6540200065879B /* PlannerView.swift */,
				9352E3BF2A71479D00F02DB1 /* ViewModel.swift */,
				93D314A12A739ED5005CA042 /* DateUtil.swift */,
				937C57A42A70219300C9EB17 /* Views.swift */,
				937C57A22A70217100C9EB17 /* Models.swift */,
				933571472A705EAC0015DF16 /* IndexView.swift */,
				9351E31B2ABC905B00FB0295 /* IndexViewModel.swift */,
				9356E4BA2ABDEEC400626F14 /* FileItem.swift */,
				9394CCAC2AB7672C00006931 /* MetadataProvider */,
				9360F8FA2A6540210065879B /* Assets.xcassets */,
				9360F8FC2A6540210065879B /* Preview Content */,
			);
			path = DynamicPlaner;
			sourceTree = "<group>";
		};
		9360F8FC2A6540210065879B /* Preview Content */ = {
			isa = PBXGroup;
			children = (
				9360F8FD2A6540210065879B /* Preview Assets.xcassets */,
			);
			path = "Preview Content";
			sourceTree = "<group>";
		};
		9360F9062A6540210065879B /* DynamicPlanerTests */ = {
			isa = PBXGroup;
			children = (
				9360F9072A6540210065879B /* DynamicPlanerTests.swift */,
				93560F712AC5D07600E9DBF8 /* ParserTest.swift */,
			);
			path = DynamicPlanerTests;
			sourceTree = "<group>";
		};
		9360F9102A6540210065879B /* DynamicPlanerUITests */ = {
			isa = PBXGroup;
			children = (
				9360F9112A6540210065879B /* DynamicPlanerUITests.swift */,
				9360F9132A6540210065879B /* DynamicPlanerUITestsLaunchTests.swift */,
			);
			path = DynamicPlanerUITests;
			sourceTree = "<group>";
		};
		9394CCAC2AB7672C00006931 /* MetadataProvider */ = {
			isa = PBXGroup;
			children = (
				93BE7D2B2A9767E000366B87 /* MetadataProvider.swift */,
				9394CCAA2AB7670700006931 /* MetadataItem.swift */,
			);
			path = MetadataProvider;
			sourceTree = "<group>";
		};
/* End PBXGroup section */

/* Begin PBXNativeTarget section */
		9360F8F22A6540200065879B /* Markdown Planner */ = {
			isa = PBXNativeTarget;
			buildConfigurationList = 9360F9172A6540210065879B /* Build configuration list for PBXNativeTarget "Markdown Planner" */;
			buildPhases = (
				9360F8EF2A6540200065879B /* Sources */,
				9360F8F02A6540200065879B /* Frameworks */,
				9360F8F12A6540200065879B /* Resources */,
			);
			buildRules = (
			);
			dependencies = (
			);
			name = "Markdown Planner";
			packageProductDependencies = (
				9335714A2A705EE70015DF16 /* AlertToast */,
			);
			productName = DynamicPlaner;
			productReference = 9360F8F32A6540200065879B /* Markdown Planner.app */;
			productType = "com.apple.product-type.application";
		};
		9360F9022A6540210065879B /* DynamicPlanerTests */ = {
			isa = PBXNativeTarget;
			buildConfigurationList = 9360F91A2A6540210065879B /* Build configuration list for PBXNativeTarget "DynamicPlanerTests" */;
			buildPhases = (
				9360F8FF2A6540210065879B /* Sources */,
				9360F9002A6540210065879B /* Frameworks */,
				9360F9012A6540210065879B /* Resources */,
			);
			buildRules = (
			);
			dependencies = (
				9360F9052A6540210065879B /* PBXTargetDependency */,
			);
			name = DynamicPlanerTests;
			productName = DynamicPlanerTests;
			productReference = 9360F9032A6540210065879B /* DynamicPlanerTests.xctest */;
			productType = "com.apple.product-type.bundle.unit-test";
		};
		9360F90C2A6540210065879B /* DynamicPlanerUITests */ = {
			isa = PBXNativeTarget;
			buildConfigurationList = 9360F91D2A6540210065879B /* Build configuration list for PBXNativeTarget "DynamicPlanerUITests" */;
			buildPhases = (
				9360F9092A6540210065879B /* Sources */,
				9360F90A2A6540210065879B /* Frameworks */,
				9360F90B2A6540210065879B /* Resources */,
			);
			buildRules = (
			);
			dependencies = (
				9360F90F2A6540210065879B /* PBXTargetDependency */,
			);
			name = DynamicPlanerUITests;
			productName = DynamicPlanerUITests;
			productReference = 9360F90D2A6540210065879B /* DynamicPlanerUITests.xctest */;
			productType = "com.apple.product-type.bundle.ui-testing";
		};
/* End PBXNativeTarget section */

/* Begin PBXProject section */
		9360F8EB2A6540200065879B /* Project object */ = {
			isa = PBXProject;
			attributes = {
				BuildIndependentTargetsInParallel = 1;
				LastSwiftUpdateCheck = 1430;
				LastUpgradeCheck = 1430;
				TargetAttributes = {
					9360F8F22A6540200065879B = {
						CreatedOnToolsVersion = 14.3;
					};
					9360F9022A6540210065879B = {
						CreatedOnToolsVersion = 14.3;
						TestTargetID = 9360F8F22A6540200065879B;
					};
					9360F90C2A6540210065879B = {
						CreatedOnToolsVersion = 14.3;
						TestTargetID = 9360F8F22A6540200065879B;
					};
				};
			};
			buildConfigurationList = 9360F8EE2A6540200065879B /* Build configuration list for PBXProject "DynamicPlaner" */;
			compatibilityVersion = "Xcode 14.0";
			developmentRegion = en;
			hasScannedForEncodings = 0;
			knownRegions = (
				en,
				Base,
			);
			mainGroup = 9360F8EA2A6540200065879B;
			packageReferences = (
				933571492A705EE70015DF16 /* XCRemoteSwiftPackageReference "AlertToast" */,
			);
			productRefGroup = 9360F8F42A6540200065879B /* Products */;
			projectDirPath = "";
			projectRoot = "";
			targets = (
				9360F8F22A6540200065879B /* Markdown Planner */,
				9360F9022A6540210065879B /* DynamicPlanerTests */,
				9360F90C2A6540210065879B /* DynamicPlanerUITests */,
			);
		};
/* End PBXProject section */

/* Begin PBXResourcesBuildPhase section */
		9360F8F12A6540200065879B /* Resources */ = {
			isa = PBXResourcesBuildPhase;
			buildActionMask = 2147483647;
			files = (
				9360F8FE2A6540210065879B /* Preview Assets.xcassets in Resources */,
				9360F8FB2A6540210065879B /* Assets.xcassets in Resources */,
			);
			runOnlyForDeploymentPostprocessing = 0;
		};
		9360F9012A6540210065879B /* Resources */ = {
			isa = PBXResourcesBuildPhase;
			buildActionMask = 2147483647;
			files = (
			);
			runOnlyForDeploymentPostprocessing = 0;
		};
		9360F90B2A6540210065879B /* Resources */ = {
			isa = PBXResourcesBuildPhase;
			buildActionMask = 2147483647;
			files = (
			);
			runOnlyForDeploymentPostprocessing = 0;
		};
/* End PBXResourcesBuildPhase section */

/* Begin PBXSourcesBuildPhase section */
		9360F8EF2A6540200065879B /* Sources */ = {
			isa = PBXSourcesBuildPhase;
			buildActionMask = 2147483647;
			files = (
				937C57A52A70219300C9EB17 /* Views.swift in Sources */,
				9335714F2A705F130015DF16 /* FileUtil.swift in Sources */,
				9335714D2A705EFB0015DF16 /* Style.swift in Sources */,
				937C57A32A70217100C9EB17 /* Models.swift in Sources */,
				933571572A7060480015DF16 /* ViewUtil.swift in Sources */,
				9360F8F92A6540200065879B /* PlannerView.swift in Sources */,
				935AE7422AC03D27004F7FEE /* ConfigViewModel.swift in Sources */,
				9352E3C02A71479D00F02DB1 /* ViewModel.swift in Sources */,
				93BE7D2C2A9767E000366B87 /* MetadataProvider.swift in Sources */,
				933571552A7060190015DF16 /* ConfigView.swift in Sources */,
				9335715D2A7060A40015DF16 /* CheckToggleStyle.swift in Sources */,
				9356E4BB2ABDEEC400626F14 /* FileItem.swift in Sources */,
				9351E31C2ABC905B00FB0295 /* IndexViewModel.swift in Sources */,
				933571482A705EAC0015DF16 /* IndexView.swift in Sources */,
				933571512A705F8B0015DF16 /* NotificationUtil.swift in Sources */,
				9360F8F72A6540200065879B /* DynamicPlanerApp.swift in Sources */,
				9394CCAB2AB7670700006931 /* MetadataItem.swift in Sources */,
				9352E3BE2A713DCD00F02DB1 /* Constants.swift in Sources */,
				93D314A22A739ED5005CA042 /* DateUtil.swift in Sources */,
			);
			runOnlyForDeploymentPostprocessing = 0;
		};
		9360F8FF2A6540210065879B /* Sources */ = {
			isa = PBXSourcesBuildPhase;
			buildActionMask = 2147483647;
			files = (
				93560F722AC5D07600E9DBF8 /* ParserTest.swift in Sources */,
				9360F9082A6540210065879B /* DynamicPlanerTests.swift in Sources */,
			);
			runOnlyForDeploymentPostprocessing = 0;
		};
		9360F9092A6540210065879B /* Sources */ = {
			isa = PBXSourcesBuildPhase;
			buildActionMask = 2147483647;
			files = (
				9360F9142A6540210065879B /* DynamicPlanerUITestsLaunchTests.swift in Sources */,
				9360F9122A6540210065879B /* DynamicPlanerUITests.swift in Sources */,
			);
			runOnlyForDeploymentPostprocessing = 0;
		};
/* End PBXSourcesBuildPhase section */

/* Begin PBXTargetDependency section */
		9360F9052A6540210065879B /* PBXTargetDependency */ = {
			isa = PBXTargetDependency;
			target = 9360F8F22A6540200065879B /* Markdown Planner */;
			targetProxy = 9360F9042A6540210065879B /* PBXContainerItemProxy */;
		};
		9360F90F2A6540210065879B /* PBXTargetDependency */ = {
			isa = PBXTargetDependency;
			target = 9360F8F22A6540200065879B /* Markdown Planner */;
			targetProxy = 9360F90E2A6540210065879B /* PBXContainerItemProxy */;
		};
/* End PBXTargetDependency section */

/* Begin XCBuildConfiguration section */
		9360F9152A6540210065879B /* Debug */ = {
			isa = XCBuildConfiguration;
			buildSettings = {
				ALWAYS_SEARCH_USER_PATHS = NO;
				CLANG_ANALYZER_NONNULL = YES;
				CLANG_ANALYZER_NUMBER_OBJECT_CONVERSION = YES_AGGRESSIVE;
				CLANG_CXX_LANGUAGE_STANDARD = "gnu++20";
				CLANG_ENABLE_MODULES = YES;
				CLANG_ENABLE_OBJC_ARC = YES;
				CLANG_ENABLE_OBJC_WEAK = YES;
				CLANG_WARN_BLOCK_CAPTURE_AUTORELEASING = YES;
				CLANG_WARN_BOOL_CONVERSION = YES;
				CLANG_WARN_COMMA = YES;
				CLANG_WARN_CONSTANT_CONVERSION = YES;
				CLANG_WARN_DEPRECATED_OBJC_IMPLEMENTATIONS = YES;
				CLANG_WARN_DIRECT_OBJC_ISA_USAGE = YES_ERROR;
				CLANG_WARN_DOCUMENTATION_COMMENTS = YES;
				CLANG_WARN_EMPTY_BODY = YES;
				CLANG_WARN_ENUM_CONVERSION = YES;
				CLANG_WARN_INFINITE_RECURSION = YES;
				CLANG_WARN_INT_CONVERSION = YES;
				CLANG_WARN_NON_LITERAL_NULL_CONVERSION = YES;
				CLANG_WARN_OBJC_IMPLICIT_RETAIN_SELF = YES;
				CLANG_WARN_OBJC_LITERAL_CONVERSION = YES;
				CLANG_WARN_OBJC_ROOT_CLASS = YES_ERROR;
				CLANG_WARN_QUOTED_INCLUDE_IN_FRAMEWORK_HEADER = YES;
				CLANG_WARN_RANGE_LOOP_ANALYSIS = YES;
				CLANG_WARN_STRICT_PROTOTYPES = YES;
				CLANG_WARN_SUSPICIOUS_MOVE = YES;
				CLANG_WARN_UNGUARDED_AVAILABILITY = YES_AGGRESSIVE;
				CLANG_WARN_UNREACHABLE_CODE = YES;
				CLANG_WARN__DUPLICATE_METHOD_MATCH = YES;
				COPY_PHASE_STRIP = NO;
				DEBUG_INFORMATION_FORMAT = dwarf;
				ENABLE_STRICT_OBJC_MSGSEND = YES;
				ENABLE_TESTABILITY = YES;
				GCC_C_LANGUAGE_STANDARD = gnu11;
				GCC_DYNAMIC_NO_PIC = NO;
				GCC_NO_COMMON_BLOCKS = YES;
				GCC_OPTIMIZATION_LEVEL = 0;
				GCC_PREPROCESSOR_DEFINITIONS = (
					"DEBUG=1",
					"$(inherited)",
				);
				GCC_WARN_64_TO_32_BIT_CONVERSION = YES;
				GCC_WARN_ABOUT_RETURN_TYPE = YES_ERROR;
				GCC_WARN_UNDECLARED_SELECTOR = YES;
				GCC_WARN_UNINITIALIZED_AUTOS = YES_AGGRESSIVE;
				GCC_WARN_UNUSED_FUNCTION = YES;
				GCC_WARN_UNUSED_VARIABLE = YES;
				IPHONEOS_DEPLOYMENT_TARGET = 16.4;
				MTL_ENABLE_DEBUG_INFO = INCLUDE_SOURCE;
				MTL_FAST_MATH = YES;
				ONLY_ACTIVE_ARCH = YES;
				SDKROOT = iphoneos;
				SWIFT_ACTIVE_COMPILATION_CONDITIONS = DEBUG;
				SWIFT_OPTIMIZATION_LEVEL = "-Onone";
			};
			name = Debug;
		};
		9360F9162A6540210065879B /* Release */ = {
			isa = XCBuildConfiguration;
			buildSettings = {
				ALWAYS_SEARCH_USER_PATHS = NO;
				CLANG_ANALYZER_NONNULL = YES;
				CLANG_ANALYZER_NUMBER_OBJECT_CONVERSION = YES_AGGRESSIVE;
				CLANG_CXX_LANGUAGE_STANDARD = "gnu++20";
				CLANG_ENABLE_MODULES = YES;
				CLANG_ENABLE_OBJC_ARC = YES;
				CLANG_ENABLE_OBJC_WEAK = YES;
				CLANG_WARN_BLOCK_CAPTURE_AUTORELEASING = YES;
				CLANG_WARN_BOOL_CONVERSION = YES;
				CLANG_WARN_COMMA = YES;
				CLANG_WARN_CONSTANT_CONVERSION = YES;
				CLANG_WARN_DEPRECATED_OBJC_IMPLEMENTATIONS = YES;
				CLANG_WARN_DIRECT_OBJC_ISA_USAGE = YES_ERROR;
				CLANG_WARN_DOCUMENTATION_COMMENTS = YES;
				CLANG_WARN_EMPTY_BODY = YES;
				CLANG_WARN_ENUM_CONVERSION = YES;
				CLANG_WARN_INFINITE_RECURSION = YES;
				CLANG_WARN_INT_CONVERSION = YES;
				CLANG_WARN_NON_LITERAL_NULL_CONVERSION = YES;
				CLANG_WARN_OBJC_IMPLICIT_RETAIN_SELF = YES;
				CLANG_WARN_OBJC_LITERAL_CONVERSION = YES;
				CLANG_WARN_OBJC_ROOT_CLASS = YES_ERROR;
				CLANG_WARN_QUOTED_INCLUDE_IN_FRAMEWORK_HEADER = YES;
				CLANG_WARN_RANGE_LOOP_ANALYSIS = YES;
				CLANG_WARN_STRICT_PROTOTYPES = YES;
				CLANG_WARN_SUSPICIOUS_MOVE = YES;
				CLANG_WARN_UNGUARDED_AVAILABILITY = YES_AGGRESSIVE;
				CLANG_WARN_UNREACHABLE_CODE = YES;
				CLANG_WARN__DUPLICATE_METHOD_MATCH = YES;
				COPY_PHASE_STRIP = NO;
				DEBUG_INFORMATION_FORMAT = "dwarf-with-dsym";
				ENABLE_NS_ASSERTIONS = NO;
				ENABLE_STRICT_OBJC_MSGSEND = YES;
				GCC_C_LANGUAGE_STANDARD = gnu11;
				GCC_NO_COMMON_BLOCKS = YES;
				GCC_WARN_64_TO_32_BIT_CONVERSION = YES;
				GCC_WARN_ABOUT_RETURN_TYPE = YES_ERROR;
				GCC_WARN_UNDECLARED_SELECTOR = YES;
				GCC_WARN_UNINITIALIZED_AUTOS = YES_AGGRESSIVE;
				GCC_WARN_UNUSED_FUNCTION = YES;
				GCC_WARN_UNUSED_VARIABLE = YES;
				IPHONEOS_DEPLOYMENT_TARGET = 16.4;
				MTL_ENABLE_DEBUG_INFO = NO;
				MTL_FAST_MATH = YES;
				SDKROOT = iphoneos;
				SWIFT_COMPILATION_MODE = wholemodule;
				SWIFT_OPTIMIZATION_LEVEL = "-O";
				VALIDATE_PRODUCT = YES;
			};
			name = Release;
		};
		9360F9182A6540210065879B /* Debug */ = {
			isa = XCBuildConfiguration;
			buildSettings = {
				ASSETCATALOG_COMPILER_APPICON_NAME = AppIcon;
				ASSETCATALOG_COMPILER_GLOBAL_ACCENT_COLOR_NAME = AccentColor;
				CODE_SIGN_ENTITLEMENTS = DynamicPlaner/DynamicPlaner.entitlements;
				CODE_SIGN_STYLE = Automatic;
				CURRENT_PROJECT_VERSION = 1;
				DEVELOPMENT_ASSET_PATHS = "\"DynamicPlaner/Preview Content\"";
				DEVELOPMENT_TEAM = 9F7FZ3S533;
				ENABLE_PREVIEWS = YES;
				GENERATE_INFOPLIST_FILE = YES;
				INFOPLIST_FILE = DynamicPlaner/Info.plist;
				INFOPLIST_KEY_UIApplicationSceneManifest_Generation = YES;
				INFOPLIST_KEY_UIApplicationSupportsIndirectInputEvents = YES;
				INFOPLIST_KEY_UILaunchScreen_Generation = YES;
				INFOPLIST_KEY_UISupportedInterfaceOrientations_iPad = "UIInterfaceOrientationPortrait UIInterfaceOrientationPortraitUpsideDown UIInterfaceOrientationLandscapeLeft UIInterfaceOrientationLandscapeRight";
				INFOPLIST_KEY_UISupportedInterfaceOrientations_iPhone = "UIInterfaceOrientationPortrait UIInterfaceOrientationLandscapeLeft UIInterfaceOrientationLandscapeRight";
				IPHONEOS_DEPLOYMENT_TARGET = 16.0;
				LD_RUNPATH_SEARCH_PATHS = (
					"$(inherited)",
					"@executable_path/Frameworks",
				);
				MARKETING_VERSION = 1.1.0;
				PRODUCT_BUNDLE_IDENTIFIER = com.halfspud.DynamicPlaner;
				PRODUCT_NAME = "Markdown Planner";
				SWIFT_EMIT_LOC_STRINGS = YES;
				SWIFT_VERSION = 5.0;
				TARGETED_DEVICE_FAMILY = "1,2";
			};
			name = Debug;
		};
		9360F9192A6540210065879B /* Release */ = {
			isa = XCBuildConfiguration;
			buildSettings = {
				ASSETCATALOG_COMPILER_APPICON_NAME = AppIcon;
				ASSETCATALOG_COMPILER_GLOBAL_ACCENT_COLOR_NAME = AccentColor;
				CODE_SIGN_ENTITLEMENTS = DynamicPlaner/DynamicPlaner.entitlements;
				CODE_SIGN_STYLE = Automatic;
				CURRENT_PROJECT_VERSION = 1;
				DEVELOPMENT_ASSET_PATHS = "\"DynamicPlaner/Preview Content\"";
				DEVELOPMENT_TEAM = 9F7FZ3S533;
				ENABLE_PREVIEWS = YES;
				GENERATE_INFOPLIST_FILE = YES;
				INFOPLIST_FILE = DynamicPlaner/Info.plist;
				INFOPLIST_KEY_UIApplicationSceneManifest_Generation = YES;
				INFOPLIST_KEY_UIApplicationSupportsIndirectInputEvents = YES;
				INFOPLIST_KEY_UILaunchScreen_Generation = YES;
				INFOPLIST_KEY_UISupportedInterfaceOrientations_iPad = "UIInterfaceOrientationPortrait UIInterfaceOrientationPortraitUpsideDown UIInterfaceOrientationLandscapeLeft UIInterfaceOrientationLandscapeRight";
				INFOPLIST_KEY_UISupportedInterfaceOrientations_iPhone = "UIInterfaceOrientationPortrait UIInterfaceOrientationLandscapeLeft UIInterfaceOrientationLandscapeRight";
				IPHONEOS_DEPLOYMENT_TARGET = 16.0;
				LD_RUNPATH_SEARCH_PATHS = (
					"$(inherited)",
					"@executable_path/Frameworks",
				);
				MARKETING_VERSION = 1.1.0;
				PRODUCT_BUNDLE_IDENTIFIER = com.halfspud.DynamicPlaner;
				PRODUCT_NAME = "Markdown Planner";
				SWIFT_EMIT_LOC_STRINGS = YES;
				SWIFT_VERSION = 5.0;
				TARGETED_DEVICE_FAMILY = "1,2";
			};
			name = Release;
		};
		9360F91B2A6540210065879B /* Debug */ = {
			isa = XCBuildConfiguration;
			buildSettings = {
				ALWAYS_EMBED_SWIFT_STANDARD_LIBRARIES = YES;
				BUNDLE_LOADER = "$(TEST_HOST)";
				CODE_SIGN_STYLE = Automatic;
				CURRENT_PROJECT_VERSION = 1;
				DEVELOPMENT_TEAM = 9F7FZ3S533;
				GENERATE_INFOPLIST_FILE = YES;
				IPHONEOS_DEPLOYMENT_TARGET = 16.4;
				MARKETING_VERSION = 1.0;
				PRODUCT_BUNDLE_IDENTIFIER = com.halfspud.DynamicPlanerTests;
				PRODUCT_NAME = "$(TARGET_NAME)";
				SWIFT_EMIT_LOC_STRINGS = NO;
				SWIFT_VERSION = 5.0;
				TARGETED_DEVICE_FAMILY = "1,2";
				TEST_HOST = "$(BUILT_PRODUCTS_DIR)/Markdown Planner.app/$(BUNDLE_EXECUTABLE_FOLDER_PATH)/Markdown Planner";
			};
			name = Debug;
		};
		9360F91C2A6540210065879B /* Release */ = {
			isa = XCBuildConfiguration;
			buildSettings = {
				ALWAYS_EMBED_SWIFT_STANDARD_LIBRARIES = YES;
				BUNDLE_LOADER = "$(TEST_HOST)";
				CODE_SIGN_STYLE = Automatic;
				CURRENT_PROJECT_VERSION = 1;
				DEVELOPMENT_TEAM = 9F7FZ3S533;
				GENERATE_INFOPLIST_FILE = YES;
				IPHONEOS_DEPLOYMENT_TARGET = 16.4;
				MARKETING_VERSION = 1.0;
				PRODUCT_BUNDLE_IDENTIFIER = com.halfspud.DynamicPlanerTests;
				PRODUCT_NAME = "$(TARGET_NAME)";
				SWIFT_EMIT_LOC_STRINGS = NO;
				SWIFT_VERSION = 5.0;
				TARGETED_DEVICE_FAMILY = "1,2";
				TEST_HOST = "$(BUILT_PRODUCTS_DIR)/DynamicPlaner.app/$(BUNDLE_EXECUTABLE_FOLDER_PATH)/DynamicPlaner";
			};
			name = Release;
		};
		9360F91E2A6540210065879B /* Debug */ = {
			isa = XCBuildConfiguration;
			buildSettings = {
				ALWAYS_EMBED_SWIFT_STANDARD_LIBRARIES = YES;
				CODE_SIGN_STYLE = Automatic;
				CURRENT_PROJECT_VERSION = 1;
				DEVELOPMENT_TEAM = 9F7FZ3S533;
				GENERATE_INFOPLIST_FILE = YES;
				MARKETING_VERSION = 1.0;
				PRODUCT_BUNDLE_IDENTIFIER = com.halfspud.DynamicPlanerUITests;
				PRODUCT_NAME = "$(TARGET_NAME)";
				SWIFT_EMIT_LOC_STRINGS = NO;
				SWIFT_VERSION = 5.0;
				TARGETED_DEVICE_FAMILY = "1,2";
				TEST_TARGET_NAME = DynamicPlaner;
			};
			name = Debug;
		};
		9360F91F2A6540210065879B /* Release */ = {
			isa = XCBuildConfiguration;
			buildSettings = {
				ALWAYS_EMBED_SWIFT_STANDARD_LIBRARIES = YES;
				CODE_SIGN_STYLE = Automatic;
				CURRENT_PROJECT_VERSION = 1;
				DEVELOPMENT_TEAM = 9F7FZ3S533;
				GENERATE_INFOPLIST_FILE = YES;
				MARKETING_VERSION = 1.0;
				PRODUCT_BUNDLE_IDENTIFIER = com.halfspud.DynamicPlanerUITests;
				PRODUCT_NAME = "$(TARGET_NAME)";
				SWIFT_EMIT_LOC_STRINGS = NO;
				SWIFT_VERSION = 5.0;
				TARGETED_DEVICE_FAMILY = "1,2";
				TEST_TARGET_NAME = DynamicPlaner;
			};
			name = Release;
		};
/* End XCBuildConfiguration section */

/* Begin XCConfigurationList section */
		9360F8EE2A6540200065879B /* Build configuration list for PBXProject "DynamicPlaner" */ = {
			isa = XCConfigurationList;
			buildConfigurations = (
				9360F9152A6540210065879B /* Debug */,
				9360F9162A6540210065879B /* Release */,
			);
			defaultConfigurationIsVisible = 0;
			defaultConfigurationName = Release;
		};
		9360F9172A6540210065879B /* Build configuration list for PBXNativeTarget "Markdown Planner" */ = {
			isa = XCConfigurationList;
			buildConfigurations = (
				9360F9182A6540210065879B /* Debug */,
				9360F9192A6540210065879B /* Release */,
			);
			defaultConfigurationIsVisible = 0;
			defaultConfigurationName = Release;
		};
		9360F91A2A6540210065879B /* Build configuration list for PBXNativeTarget "DynamicPlanerTests" */ = {
			isa = XCConfigurationList;
			buildConfigurations = (
				9360F91B2A6540210065879B /* Debug */,
				9360F91C2A6540210065879B /* Release */,
			);
			defaultConfigurationIsVisible = 0;
			defaultConfigurationName = Release;
		};
		9360F91D2A6540210065879B /* Build configuration list for PBXNativeTarget "DynamicPlanerUITests" */ = {
			isa = XCConfigurationList;
			buildConfigurations = (
				9360F91E2A6540210065879B /* Debug */,
				9360F91F2A6540210065879B /* Release */,
			);
			defaultConfigurationIsVisible = 0;
			defaultConfigurationName = Release;
		};
/* End XCConfigurationList section */

/* Begin XCRemoteSwiftPackageReference section */
		933571492A705EE70015DF16 /* XCRemoteSwiftPackageReference "AlertToast" */ = {
			isa = XCRemoteSwiftPackageReference;
			repositoryURL = "https://github.com/elai950/AlertToast.git";
			requirement = {
				kind = upToNextMajorVersion;
				minimumVersion = 1.0.0;
			};
		};
/* End XCRemoteSwiftPackageReference section */

/* Begin XCSwiftPackageProductDependency section */
		9335714A2A705EE70015DF16 /* AlertToast */ = {
			isa = XCSwiftPackageProductDependency;
			package = 933571492A705EE70015DF16 /* XCRemoteSwiftPackageReference "AlertToast" */;
			productName = AlertToast;
		};
/* End XCSwiftPackageProductDependency section */
	};
	rootObject = 9360F8EB2A6540200065879B /* Project object */;
}
